
Microsoft Visual Studio Solution File, Format Version 12.00
# Visual Studio Version 17
VisualStudioVersion = 17.9.34701.34
MinimumVisualStudioVersion = 10.0.40219.1
Project("{FAE04EC0-301F-11D3-BF4B-00C04F79EFBC}") = "ToDoApp", "ToDoApp\ToDoApp.csproj", "{0A91F12E-2D43-4304-8B83-5606A0470D74}"
EndProject
Global
	GlobalSection(SolutionConfigurationPlatforms) = preSolution
		Debug|Any CPU = Debug|Any CPU
		Release|Any CPU = Release|Any CPU
	EndGlobalSection
	GlobalSection(ProjectConfigurationPlatforms) = postSolution
		{0A91F12E-2D43-4304-8B83-5606A0470D74}.Debug|Any CPU.ActiveCfg = Debug|Any CPU
		{0A91F12E-2D43-4304-8B83-5606A0470D74}.Debug|Any CPU.Build.0 = Debug|Any CPU
		{0A91F12E-2D43-4304-8B83-5606A0470D74}.Release|Any CPU.ActiveCfg = Release|Any CPU
		{0A91F12E-2D43-4304-8B83-5606A0470D74}.Release|Any CPU.Build.0 = Release|Any CPU
	EndGlobalSection
	GlobalSection(SolutionProperties) = preSolution
		HideSolutionNode = FALSE
	EndGlobalSection
	GlobalSection(ExtensibilityGlobals) = postSolution
		SolutionGuid = {A10B5D52-C4D5-42C7-87AC-8298BF1CF456}
	EndGlobalSection
EndGlobal
